{
  "version": 4,
  "terraform_version": "1.12.2",
  "serial": 12,
  "lineage": "a5337b0a-993b-7416-e677-790831520f60",
  "outputs": {},
  "resources": [
    {
      "mode": "managed",
      "type": "local_file",
      "name": "my_pet",
      "provider": "provider[\"registry.terraform.io/hashicorp/local\"]",
      "instances": [
        {
          "schema_version": 0,
          "attributes": {
            "content": "I love to see wild life animals",
            "content_base64": null,
            "content_base64sha256": "D6dwIxCC51rrVuTVzy31DgGUtHZ1qV9z98Ap1akHLAk=",
            "content_base64sha512": "r+F+VtfXQKpAdZ9zL7elPLMegfwkqy4I9XzMmtYANSHEHni8zpp+F0rJD6+20/cyP94C6guLuB+CzPaMaIaxsg==",
            "content_md5": "a422e40ebb78cd69f9aead7ed9c1874e",
            "content_sha1": "05a902c9c597fb36c8fc39425598a5578726481a",
            "content_sha256": "0fa770231082e75aeb56e4d5cf2df50e0194b47675a95f73f7c029d5a9072c09",
            "content_sha512": "afe17e56d7d740aa40759f732fb7a53cb31e81fc24ab2e08f57ccc9ad6003521c41e78bcce9a7e174ac90fafb6d3f7323fde02ea0b8bb81f82ccf68c6886b1b2",
            "directory_permission": "0777",
            "file_permission": "0777",
            "filename": "pets.txt",
            "id": "05a902c9c597fb36c8fc39425598a5578726481a",
            "sensitive_content": null,
            "source": null
          },
          "sensitive_attributes": [
            [
              {
                "type": "get_attr",
                "value": "sensitive_content"
              }
            ]
          ],
          "identity_schema_version": 0
        }
      ]
    },
    {
      "mode": "managed",
      "type": "random_pet",
      "name": "petname",
      "provider": "provider[\"registry.terraform.io/hashicorp/random\"]",
      "instances": [
        {
          "schema_version": 0,
          "attributes": {
            "id": "MR.noble.chipmunk",
            "keepers": null,
            "length": 2,
            "prefix": "MR",
            "separator": "."
          },
          "sensitive_attributes": [],
          "identity_schema_version": 0
        }
      ]
    }
  ],
  "check_results": null
}
